
Microsoft Visual Studio Solution File, Format Version 12.00
# Visual Studio 2013
VisualStudioVersion = 12.0.31101.0
MinimumVisualStudioVersion = 10.0.40219.1
Project("{FAE04EC0-301F-11D3-BF4B-00C04F79EFBC}") = "Palace", "Palace\Palace.csproj", "{79AB397F-203B-4521-81EC-1BA40C4F2776}"
EndProject
Project("{FAE04EC0-301F-11D3-BF4B-00C04F79EFBC}") = "UnitTests", "UnitTests\UnitTests.csproj", "{ED98C182-4169-4ECD-B18E-28A5E36FC833}"
EndProject
Project("{FAE04EC0-301F-11D3-BF4B-00C04F79EFBC}") = "Palace Console", "Palace Console\Palace Console.csproj", "{845D9C90-4EE0-47A8-A29E-317F518C4745}"
EndProject
Global
	GlobalSection(SolutionConfigurationPlatforms) = preSolution
		Debug|Any CPU = Debug|Any CPU
		Debug|Mixed Platforms = Debug|Mixed Platforms
		Debug|x86 = Debug|x86
		Release|Any CPU = Release|Any CPU
		Release|Mixed Platforms = Release|Mixed Platforms
		Release|x86 = Release|x86
	EndGlobalSection
	GlobalSection(ProjectConfigurationPlatforms) = postSolution
		{79AB397F-203B-4521-81EC-1BA40C4F2776}.Debug|Any CPU.ActiveCfg = Debug|x86
		{79AB397F-203B-4521-81EC-1BA40C4F2776}.Debug|Mixed Platforms.ActiveCfg = Debug|x86
		{79AB397F-203B-4521-81EC-1BA40C4F2776}.Debug|Mixed Platforms.Build.0 = Debug|x86
		{79AB397F-203B-4521-81EC-1BA40C4F2776}.Debug|x86.ActiveCfg = Debug|x86
		{79AB397F-203B-4521-81EC-1BA40C4F2776}.Debug|x86.Build.0 = Debug|x86
		{79AB397F-203B-4521-81EC-1BA40C4F2776}.Release|Any CPU.ActiveCfg = Release|x86
		{79AB397F-203B-4521-81EC-1BA40C4F2776}.Release|Mixed Platforms.ActiveCfg = Release|x86
		{79AB397F-203B-4521-81EC-1BA40C4F2776}.Release|Mixed Platforms.Build.0 = Release|x86
		{79AB397F-203B-4521-81EC-1BA40C4F2776}.Release|x86.ActiveCfg = Release|x86
		{79AB397F-203B-4521-81EC-1BA40C4F2776}.Release|x86.Build.0 = Release|x86
		{ED98C182-4169-4ECD-B18E-28A5E36FC833}.Debug|Any CPU.ActiveCfg = Debug|Any CPU
		{ED98C182-4169-4ECD-B18E-28A5E36FC833}.Debug|Any CPU.Build.0 = Debug|Any CPU
		{ED98C182-4169-4ECD-B18E-28A5E36FC833}.Debug|Mixed Platforms.ActiveCfg = Debug|Any CPU
		{ED98C182-4169-4ECD-B18E-28A5E36FC833}.Debug|Mixed Platforms.Build.0 = Debug|Any CPU
		{ED98C182-4169-4ECD-B18E-28A5E36FC833}.Debug|x86.ActiveCfg = Debug|Any CPU
		{ED98C182-4169-4ECD-B18E-28A5E36FC833}.Debug|x86.Build.0 = Debug|Any CPU
		{ED98C182-4169-4ECD-B18E-28A5E36FC833}.Release|Any CPU.ActiveCfg = Release|Any CPU
		{ED98C182-4169-4ECD-B18E-28A5E36FC833}.Release|Any CPU.Build.0 = Release|Any CPU
		{ED98C182-4169-4ECD-B18E-28A5E36FC833}.Release|Mixed Platforms.ActiveCfg = Release|Any CPU
		{ED98C182-4169-4ECD-B18E-28A5E36FC833}.Release|Mixed Platforms.Build.0 = Release|Any CPU
		{ED98C182-4169-4ECD-B18E-28A5E36FC833}.Release|x86.ActiveCfg = Release|Any CPU
		{ED98C182-4169-4ECD-B18E-28A5E36FC833}.Release|x86.Build.0 = Release|Any CPU
		{845D9C90-4EE0-47A8-A29E-317F518C4745}.Debug|Any CPU.ActiveCfg = Debug|Any CPU
		{845D9C90-4EE0-47A8-A29E-317F518C4745}.Debug|Any CPU.Build.0 = Debug|Any CPU
		{845D9C90-4EE0-47A8-A29E-317F518C4745}.Debug|Mixed Platforms.ActiveCfg = Debug|Any CPU
		{845D9C90-4EE0-47A8-A29E-317F518C4745}.Debug|Mixed Platforms.Build.0 = Debug|Any CPU
		{845D9C90-4EE0-47A8-A29E-317F518C4745}.Debug|x86.ActiveCfg = Debug|Any CPU
		{845D9C90-4EE0-47A8-A29E-317F518C4745}.Release|Any CPU.ActiveCfg = Release|Any CPU
		{845D9C90-4EE0-47A8-A29E-317F518C4745}.Release|Any CPU.Build.0 = Release|Any CPU
		{845D9C90-4EE0-47A8-A29E-317F518C4745}.Release|Mixed Platforms.ActiveCfg = Release|Any CPU
		{845D9C90-4EE0-47A8-A29E-317F518C4745}.Release|Mixed Platforms.Build.0 = Release|Any CPU
		{845D9C90-4EE0-47A8-A29E-317F518C4745}.Release|x86.ActiveCfg = Release|Any CPU
	EndGlobalSection
	GlobalSection(SolutionProperties) = preSolution
		HideSolutionNode = FALSE
	EndGlobalSection
	GlobalSection(MonoDevelopProperties) = preSolution
		StartupItem = Palace\Palace.csproj
		Policies = $0
		$0.DotNetNamingPolicy = $1
		$1.DirectoryNamespaceAssociation = None
		$1.ResourceNamePolicy = FileFormatDefault
		$0.TextStylePolicy = $2
		$2.inheritsSet = null
		$2.scope = text/x-csharp
		$0.CSharpFormattingPolicy = $3
		$3.AfterDelegateDeclarationParameterComma = True
		$3.inheritsSet = Mono
		$3.inheritsScope = text/x-csharp
		$3.scope = text/x-csharp
	EndGlobalSection
EndGlobal
